
Microsoft Visual Studio Solution File, Format Version 12.00
# Visual Studio Version 16
VisualStudioVersion = 16.0.31410.357
MinimumVisualStudioVersion = 10.0.40219.1
Project("{9A19103F-16F7-4668-BE54-9A1E7A4F7556}") = "Periotris.Net", "Periotris.Net\Periotris.Net.csproj", "{BA613E8D-E3D6-4290-AB50-1AE716C2D3F6}"
EndProject
Global
	GlobalSection(SolutionConfigurationPlatforms) = preSolution
		Debug|Any CPU = Debug|Any CPU
		Release|Any CPU = Release|Any CPU
	EndGlobalSection
	GlobalSection(ProjectConfigurationPlatforms) = postSolution
		{BA613E8D-E3D6-4290-AB50-1AE716C2D3F6}.Debug|Any CPU.ActiveCfg = Debug|Any CPU
		{BA613E8D-E3D6-4290-AB50-1AE716C2D3F6}.Debug|Any CPU.Build.0 = Debug|Any CPU
		{BA613E8D-E3D6-4290-AB50-1AE716C2D3F6}.Release|Any CPU.ActiveCfg = Release|Any CPU
		{BA613E8D-E3D6-4290-AB50-1AE716C2D3F6}.Release|Any CPU.Build.0 = Release|Any CPU
	EndGlobalSection
	GlobalSection(SolutionProperties) = preSolution
		HideSolutionNode = FALSE
	EndGlobalSection
	GlobalSection(ExtensibilityGlobals) = postSolution
		SolutionGuid = {6253B603-ACD5-455B-A80D-5BBAAEFDE8D4}
	EndGlobalSection
EndGlobal
